
Microsoft Visual Studio Solution File, Format Version 12.00
# Visual Studio Express 2013 for Web
VisualStudioVersion = 12.0.40629.0
MinimumVisualStudioVersion = 10.0.40219.1
Project("{FAE04EC0-301F-11D3-BF4B-00C04F79EFBC}") = "WebUI", "WebUI\WebUI.csproj", "{BA78D4F6-6DE9-42D2-B513-6AB8D2411479}"
EndProject
Project("{2150E333-8FDC-42A3-9474-1A3956D46DE8}") = "SubModules", "SubModules", "{D5CCB6E7-86FD-4415-A821-2CBA3ABDEED3}"
EndProject
Project("{FAE04EC0-301F-11D3-BF4B-00C04F79EFBC}") = "EFBF7", "TReports\EFBF7\EFBF7.csproj", "{F03F33E8-A200-422C-97C1-9798D68A9BF9}"
EndProject
Project("{FAE04EC0-301F-11D3-BF4B-00C04F79EFBC}") = "EFBF8", "TReports\EFBF8\EFBF8.csproj", "{B795339D-8870-49E6-BD42-060066A795D5}"
EndProject
Project("{FAE04EC0-301F-11D3-BF4B-00C04F79EFBC}") = "EFBF9", "TReports\EFBF9\EFBF9.csproj", "{F3D4028C-6FAA-4744-92F2-0FFA41F53DE2}"
EndProject
Project("{FAE04EC0-301F-11D3-BF4B-00C04F79EFBC}") = "MLogs", "TReports\MLogs\MLogs.csproj", "{8F256CD8-5A1C-466D-9874-639EC4FADB0F}"
EndProject
Project("{FAE04EC0-301F-11D3-BF4B-00C04F79EFBC}") = "TReport", "TReports\TReport\TReport.csproj", "{D0F02229-8ED5-42EA-8378-23AC9402D60C}"
EndProject
Global
	GlobalSection(SolutionConfigurationPlatforms) = preSolution
		Debug|Any CPU = Debug|Any CPU
		Release|Any CPU = Release|Any CPU
	EndGlobalSection
	GlobalSection(ProjectConfigurationPlatforms) = postSolution
		{BA78D4F6-6DE9-42D2-B513-6AB8D2411479}.Debug|Any CPU.ActiveCfg = Debug|Any CPU
		{BA78D4F6-6DE9-42D2-B513-6AB8D2411479}.Debug|Any CPU.Build.0 = Debug|Any CPU
		{BA78D4F6-6DE9-42D2-B513-6AB8D2411479}.Release|Any CPU.ActiveCfg = Release|Any CPU
		{BA78D4F6-6DE9-42D2-B513-6AB8D2411479}.Release|Any CPU.Build.0 = Release|Any CPU
		{F03F33E8-A200-422C-97C1-9798D68A9BF9}.Debug|Any CPU.ActiveCfg = Debug|Any CPU
		{F03F33E8-A200-422C-97C1-9798D68A9BF9}.Debug|Any CPU.Build.0 = Debug|Any CPU
		{F03F33E8-A200-422C-97C1-9798D68A9BF9}.Release|Any CPU.ActiveCfg = Release|Any CPU
		{F03F33E8-A200-422C-97C1-9798D68A9BF9}.Release|Any CPU.Build.0 = Release|Any CPU
		{B795339D-8870-49E6-BD42-060066A795D5}.Debug|Any CPU.ActiveCfg = Debug|Any CPU
		{B795339D-8870-49E6-BD42-060066A795D5}.Debug|Any CPU.Build.0 = Debug|Any CPU
		{B795339D-8870-49E6-BD42-060066A795D5}.Release|Any CPU.ActiveCfg = Release|Any CPU
		{B795339D-8870-49E6-BD42-060066A795D5}.Release|Any CPU.Build.0 = Release|Any CPU
		{F3D4028C-6FAA-4744-92F2-0FFA41F53DE2}.Debug|Any CPU.ActiveCfg = Debug|Any CPU
		{F3D4028C-6FAA-4744-92F2-0FFA41F53DE2}.Debug|Any CPU.Build.0 = Debug|Any CPU
		{F3D4028C-6FAA-4744-92F2-0FFA41F53DE2}.Release|Any CPU.ActiveCfg = Release|Any CPU
		{F3D4028C-6FAA-4744-92F2-0FFA41F53DE2}.Release|Any CPU.Build.0 = Release|Any CPU
		{8F256CD8-5A1C-466D-9874-639EC4FADB0F}.Debug|Any CPU.ActiveCfg = Debug|Any CPU
		{8F256CD8-5A1C-466D-9874-639EC4FADB0F}.Debug|Any CPU.Build.0 = Debug|Any CPU
		{8F256CD8-5A1C-466D-9874-639EC4FADB0F}.Release|Any CPU.ActiveCfg = Release|Any CPU
		{8F256CD8-5A1C-466D-9874-639EC4FADB0F}.Release|Any CPU.Build.0 = Release|Any CPU
		{D0F02229-8ED5-42EA-8378-23AC9402D60C}.Debug|Any CPU.ActiveCfg = Debug|Any CPU
		{D0F02229-8ED5-42EA-8378-23AC9402D60C}.Debug|Any CPU.Build.0 = Debug|Any CPU
		{D0F02229-8ED5-42EA-8378-23AC9402D60C}.Release|Any CPU.ActiveCfg = Release|Any CPU
		{D0F02229-8ED5-42EA-8378-23AC9402D60C}.Release|Any CPU.Build.0 = Release|Any CPU
	EndGlobalSection
	GlobalSection(SolutionProperties) = preSolution
		HideSolutionNode = FALSE
	EndGlobalSection
	GlobalSection(NestedProjects) = preSolution
		{F03F33E8-A200-422C-97C1-9798D68A9BF9} = {D5CCB6E7-86FD-4415-A821-2CBA3ABDEED3}
		{B795339D-8870-49E6-BD42-060066A795D5} = {D5CCB6E7-86FD-4415-A821-2CBA3ABDEED3}
		{F3D4028C-6FAA-4744-92F2-0FFA41F53DE2} = {D5CCB6E7-86FD-4415-A821-2CBA3ABDEED3}
		{8F256CD8-5A1C-466D-9874-639EC4FADB0F} = {D5CCB6E7-86FD-4415-A821-2CBA3ABDEED3}
		{D0F02229-8ED5-42EA-8378-23AC9402D60C} = {D5CCB6E7-86FD-4415-A821-2CBA3ABDEED3}
	EndGlobalSection
EndGlobal
